github.com/alibaba/opentelemetry-go-auto-instrumentation v0.0.1/go.mod h1:bCOda8RuvNjbtVe4ZmTnq7gQLMQi5jaN0gYs0571bhc=
github.com/go-logr/logr v1.2.2/go.mod h1:jdQByPbusPIv2/zmleS9BjJVeZ6kBagPoEUsqbVz/1A=
github.com/go-logr/logr v1.4.2/go.mod h1:9T104GzyrTigFIr8wt5mBrctHMim0Nb2HLGrmQ40KvY=
github.com/go-logr/stdr v1.2.2/go.mod h1:mMo/vtBO5dYbehREoey6XUKy/eSumjCCveDpRre4VKE=
github.com/go-sql-driver/mysql v1.6.0/go.mod h1:DCzpHaOWr8IXmIStZouvnhqoel9Qv2LBy8hT2VhHyBg=
github.com/google/uuid v1.6.0/go.mod h1:TIyPZe4MgqvfeYDBFedMoGGpEw/LqOeaOT+nhxU+yHo=
github.com/jinzhu/inflection v1.0.0/go.mod h1:h+uFLlag+Qp1Va5pdKtLDYj+kHp5pxUVkryuEj+Srlc=
github.com/jinzhu/now v1.1.2/go.mod h1:d3SSVoowX0Lcu0IBviAWJpolVfI5UJVZZ7cO71lE/z8=
github.com/jinzhu/now v1.1.3/go.mod h1:d3SSVoowX0Lcu0IBviAWJpolVfI5UJVZZ7cO71lE/z8=
go.opentelemetry.io/otel v1.28.0/go.mod h1:q68ijF8Fc8CnMHKyzqL6akLO46ePnjkgfIMIjUIX9z4=
go.opentelemetry.io/otel/metric v1.28.0/go.mod h1:Fb1eVBFZmLVTMb6PPohq3TO9IIhUisDsbJoL/+uQW4s=
go.opentelemetry.io/otel/sdk v1.28.0/go.mod h1:oYj7ClPUA7Iw3m+r7GeEjz0qckQRJK2B8zjcZEfu7Pg=
go.opentelemetry.io/otel/trace v1.28.0/go.mod h1:jPyXzNPg6da9+38HEwElrQiHlVMTnVfM3/yv2OlIHaI=
golang.org/x/sys v0.21.0/go.mod h1:/VUhepiaJMQUp4+oa/7Zr1D23ma6VTLIYjOOTFZPUcA=
gorm.io/driver/mysql v1.1.3/go.mod h1:4P/X9vSc3WTrhTLZ259cpFd6xKNYiSSdSZngkSBGIMM=
gorm.io/gorm v1.21.12/go.mod h1:F+OptMscr0P2F2qU97WT1WimdH9GaQPoDW7AYd5i2Y0=
gorm.io/gorm v1.22.0/go.mod h1:F+OptMscr0P2F2qU97WT1WimdH9GaQPoDW7AYd5i2Y0=
